// !$*UTF8*$!
{
	archiveVersion = 1;
	classes = {
	};
	objectVersion = 46;
	objects = {

/* Begin PBXBuildFile section */
		C928CC311AD99495004E44B3 /* AppDelegate.swift in Sources */ = {isa = PBXBuildFile; fileRef = C928CC301AD99495004E44B3 /* AppDelegate.swift */; };
		C928CC381AD99495004E44B3 /* Main.storyboard in Resources */ = {isa = PBXBuildFile; fileRef = C928CC361AD99495004E44B3 /* Main.storyboard */; };
		C928CC3A1AD99495004E44B3 /* Images.xcassets in Resources */ = {isa = PBXBuildFile; fileRef = C928CC391AD99495004E44B3 /* Images.xcassets */; };
		C928CC3D1AD99495004E44B3 /* LaunchScreen.xib in Resources */ = {isa = PBXBuildFile; fileRef = C928CC3B1AD99495004E44B3 /* LaunchScreen.xib */; };
		C928CC491AD99495004E44B3 /* PunctualExampleTests.swift in Sources */ = {isa = PBXBuildFile; fileRef = C928CC481AD99495004E44B3 /* PunctualExampleTests.swift */; };
		C928CC531AD9981D004E44B3 /* StopwatchViewController.swift in Sources */ = {isa = PBXBuildFile; fileRef = C928CC521AD9981D004E44B3 /* StopwatchViewController.swift */; };
		C9762D051AD998D60022946D /* Punctual.swift in Sources */ = {isa = PBXBuildFile; fileRef = C9762D041AD998D60022946D /* Punctual.swift */; };
		C9762D071AD99E7B0022946D /* TimerViewController.swift in Sources */ = {isa = PBXBuildFile; fileRef = C9762D061AD99E7B0022946D /* TimerViewController.swift */; };
		C9762D091AD9C8AF0022946D /* DateCalculatorViewController.swift in Sources */ = {isa = PBXBuildFile; fileRef = C9762D081AD9C8AF0022946D /* DateCalculatorViewController.swift */; };
/* End PBXBuildFile section */

/* Begin PBXContainerItemProxy section */
		C928CC431AD99495004E44B3 /* PBXContainerItemProxy */ = {
			isa = PBXContainerItemProxy;
			containerPortal = C928CC231AD99495004E44B3 /* Project object */;
			proxyType = 1;
			remoteGlobalIDString = C928CC2A1AD99495004E44B3;
			remoteInfo = PunctualExample;
		};
/* End PBXContainerItemProxy section */

/* Begin PBXFileReference section */
		C928CC2B1AD99495004E44B3 /* PunctualExample.app */ = {isa = PBXFileReference; explicitFileType = wrapper.application; includeInIndex = 0; path = PunctualExample.app; sourceTree = BUILT_PRODUCTS_DIR; };
		C928CC2F1AD99495004E44B3 /* Info.plist */ = {isa = PBXFileReference; lastKnownFileType = text.plist.xml; path = Info.plist; sourceTree = "<group>"; };
		C928CC301AD99495004E44B3 /* AppDelegate.swift */ = {isa = PBXFileReference; lastKnownFileType = sourcecode.swift; path = AppDelegate.swift; sourceTree = "<group>"; };
		C928CC371AD99495004E44B3 /* Base */ = {isa = PBXFileReference; lastKnownFileType = file.storyboard; name = Base; path = Base.lproj/Main.storyboard; sourceTree = "<group>"; };
		C928CC391AD99495004E44B3 /* Images.xcassets */ = {isa = PBXFileReference; lastKnownFileType = folder.assetcatalog; path = Images.xcassets; sourceTree = "<group>"; };
		C928CC3C1AD99495004E44B3 /* Base */ = {isa = PBXFileReference; lastKnownFileType = file.xib; name = Base; path = Base.lproj/LaunchScreen.xib; sourceTree = "<group>"; };
		C928CC421AD99495004E44B3 /* PunctualExampleTests.xctest */ = {isa = PBXFileReference; explicitFileType = wrapper.cfbundle; includeInIndex = 0; path = PunctualExampleTests.xctest; sourceTree = BUILT_PRODUCTS_DIR; };
		C928CC471AD99495004E44B3 /* Info.plist */ = {isa = PBXFileReference; lastKnownFileType = text.plist.xml; path = Info.plist; sourceTree = "<group>"; };
		C928CC481AD99495004E44B3 /* PunctualExampleTests.swift */ = {isa = PBXFileReference; lastKnownFileType = sourcecode.swift; path = PunctualExampleTests.swift; sourceTree = "<group>"; };
		C928CC521AD9981D004E44B3 /* StopwatchViewController.swift */ = {isa = PBXFileReference; fileEncoding = 4; lastKnownFileType = sourcecode.swift; path = StopwatchViewController.swift; sourceTree = "<group>"; };
		C9762D041AD998D60022946D /* Punctual.swift */ = {isa = PBXFileReference; fileEncoding = 4; lastKnownFileType = sourcecode.swift; name = Punctual.swift; path = ../../Punctual/Punctual.swift; sourceTree = "<group>"; };
		C9762D061AD99E7B0022946D /* TimerViewController.swift */ = {isa = PBXFileReference; fileEncoding = 4; lastKnownFileType = sourcecode.swift; path = TimerViewController.swift; sourceTree = "<group>"; };
		C9762D081AD9C8AF0022946D /* DateCalculatorViewController.swift */ = {isa = PBXFileReference; fileEncoding = 4; lastKnownFileType = sourcecode.swift; path = DateCalculatorViewController.swift; sourceTree = "<group>"; };
/* End PBXFileReference section */

/* Begin PBXFrameworksBuildPhase section */
		C928CC281AD99495004E44B3 /* Frameworks */ = {
			isa = PBXFrameworksBuildPhase;
			buildActionMask = 2147483647;
			files = (
			);
			runOnlyForDeploymentPostprocessing = 0;
		};
		C928CC3F1AD99495004E44B3 /* Frameworks */ = {
			isa = PBXFrameworksBuildPhase;
			buildActionMask = 2147483647;
			files = (
			);
			runOnlyForDeploymentPostprocessing = 0;
		};
/* End PBXFrameworksBuildPhase section */

/* Begin PBXGroup section */
		C928CC221AD99495004E44B3 = {
			isa = PBXGroup;
			children = (
				C928CC2D1AD99495004E44B3 /* PunctualExample */,
				C928CC451AD99495004E44B3 /* PunctualExampleTests */,
				C928CC2C1AD99495004E44B3 /* Products */,
			);
			sourceTree = "<group>";
		};
		C928CC2C1AD99495004E44B3 /* Products */ = {
			isa = PBXGroup;
			children = (
				C928CC2B1AD99495004E44B3 /* PunctualExample.app */,
				C928CC421AD99495004E44B3 /* PunctualExampleTests.xctest */,
			);
			name = Products;
			sourceTree = "<group>";
		};
		C928CC2D1AD99495004E44B3 /* PunctualExample */ = {
			isa = PBXGroup;
			children = (
				C928CC301AD99495004E44B3 /* AppDelegate.swift */,
				C928CC521AD9981D004E44B3 /* StopwatchViewController.swift */,
				C928CC361AD99495004E44B3 /* Main.storyboard */,
				C9762D081AD9C8AF0022946D /* DateCalculatorViewController.swift */,
				C9762D061AD99E7B0022946D /* TimerViewController.swift */,
				C928CC391AD99495004E44B3 /* Images.xcassets */,
				C928CC3B1AD99495004E44B3 /* LaunchScreen.xib */,
				C928CC2E1AD99495004E44B3 /* Supporting Files */,
			);
			path = PunctualExample;
			sourceTree = "<group>";
		};
		C928CC2E1AD99495004E44B3 /* Supporting Files */ = {
			isa = PBXGroup;
			children = (
				C9762D041AD998D60022946D /* Punctual.swift */,
				C928CC2F1AD99495004E44B3 /* Info.plist */,
			);
			name = "Supporting Files";
			sourceTree = "<group>";
		};
		C928CC451AD99495004E44B3 /* PunctualExampleTests */ = {
			isa = PBXGroup;
			children = (
				C928CC481AD99495004E44B3 /* PunctualExampleTests.swift */,
				C928CC461AD99495004E44B3 /* Supporting Files */,
			);
			path = PunctualExampleTests;
			sourceTree = "<group>";
		};
		C928CC461AD99495004E44B3 /* Supporting Files */ = {
			isa = PBXGroup;
			children = (
				C928CC471AD99495004E44B3 /* Info.plist */,
			);
			name = "Supporting Files";
			sourceTree = "<group>";
		};
/* End PBXGroup section */

/* Begin PBXNativeTarget section */
		C928CC2A1AD99495004E44B3 /* PunctualExample */ = {
			isa = PBXNativeTarget;
			buildConfigurationList = C928CC4C1AD99495004E44B3 /* Build configuration list for PBXNativeTarget "PunctualExample" */;
			buildPhases = (
				C928CC271AD99495004E44B3 /* Sources */,
				C928CC281AD99495004E44B3 /* Frameworks */,
				C928CC291AD99495004E44B3 /* Resources */,
			);
			buildRules = (
			);
			dependencies = (
			);
			name = PunctualExample;
			productName = PunctualExample;
			productReference = C928CC2B1AD99495004E44B3 /* PunctualExample.app */;
			productType = "com.apple.product-type.application";
		};
		C928CC411AD99495004E44B3 /* PunctualExampleTests */ = {
			isa = PBXNativeTarget;
			buildConfigurationList = C928CC4F1AD99495004E44B3 /* Build configuration list for PBXNativeTarget "PunctualExampleTests" */;
			buildPhases = (
				C928CC3E1AD99495004E44B3 /* Sources */,
				C928CC3F1AD99495004E44B3 /* Frameworks */,
				C928CC401AD99495004E44B3 /* Resources */,
			);
			buildRules = (
			);
			dependencies = (
				C928CC441AD99495004E44B3 /* PBXTargetDependency */,
			);
			name = PunctualExampleTests;
			productName = PunctualExampleTests;
			productReference = C928CC421AD99495004E44B3 /* PunctualExampleTests.xctest */;
			productType = "com.apple.product-type.bundle.unit-test";
		};
/* End PBXNativeTarget section */

/* Begin PBXProject section */
		C928CC231AD99495004E44B3 /* Project object */ = {
			isa = PBXProject;
			attributes = {
				LastUpgradeCheck = 0630;
				ORGANIZATIONNAME = harlanhaskins;
				TargetAttributes = {
					C928CC2A1AD99495004E44B3 = {
						CreatedOnToolsVersion = 6.3;
					};
					C928CC411AD99495004E44B3 = {
						CreatedOnToolsVersion = 6.3;
						TestTargetID = C928CC2A1AD99495004E44B3;
					};
				};
			};
			buildConfigurationList = C928CC261AD99495004E44B3 /* Build configuration list for PBXProject "PunctualExample" */;
			compatibilityVersion = "Xcode 3.2";
			developmentRegion = English;
			hasScannedForEncodings = 0;
			knownRegions = (
				en,
				Base,
			);
			mainGroup = C928CC221AD99495004E44B3;
			productRefGroup = C928CC2C1AD99495004E44B3 /* Products */;
			projectDirPath = "";
			projectRoot = "";
			targets = (
				C928CC2A1AD99495004E44B3 /* PunctualExample */,
				C928CC411AD99495004E44B3 /* PunctualExampleTests */,
			);
		};
/* End PBXProject section */

/* Begin PBXResourcesBuildPhase section */
		C928CC291AD99495004E44B3 /* Resources */ = {
			isa = PBXResourcesBuildPhase;
			buildActionMask = 2147483647;
			files = (
				C928CC381AD99495004E44B3 /* Main.storyboard in Resources */,
				C928CC3D1AD99495004E44B3 /* LaunchScreen.xib in Resources */,
				C928CC3A1AD99495004E44B3 /* Images.xcassets in Resources */,
			);
			runOnlyForDeploymentPostprocessing = 0;
		};
		C928CC401AD99495004E44B3 /* Resources */ = {
			isa = PBXResourcesBuildPhase;
			buildActionMask = 2147483647;
			files = (
			);
			runOnlyForDeploymentPostprocessing = 0;
		};
/* End PBXResourcesBuildPhase section */

/* Begin PBXSourcesBuildPhase section */
		C928CC271AD99495004E44B3 /* Sources */ = {
			isa = PBXSourcesBuildPhase;
			buildActionMask = 2147483647;
			files = (
				C9762D071AD99E7B0022946D /* TimerViewController.swift in Sources */,
				C9762D091AD9C8AF0022946D /* DateCalculatorViewController.swift in Sources */,
				C928CC531AD9981D004E44B3 /* StopwatchViewController.swift in Sources */,
				C9762D051AD998D60022946D /* Punctual.swift in Sources */,
				C928CC311AD99495004E44B3 /* AppDelegate.swift in Sources */,
			);
			runOnlyForDeploymentPostprocessing = 0;
		};
		C928CC3E1AD99495004E44B3 /* Sources */ = {
			isa = PBXSourcesBuildPhase;
			buildActionMask = 2147483647;
			files = (
				C928CC491AD99495004E44B3 /* PunctualExampleTests.swift in Sources */,
			);
			runOnlyForDeploymentPostprocessing = 0;
		};
/* End PBXSourcesBuildPhase section */

/* Begin PBXTargetDependency section */
		C928CC441AD99495004E44B3 /* PBXTargetDependency */ = {
			isa = PBXTargetDependency;
			target = C928CC2A1AD99495004E44B3 /* PunctualExample */;
			targetProxy = C928CC431AD99495004E44B3 /* PBXContainerItemProxy */;
		};
/* End PBXTargetDependency section */

/* Begin PBXVariantGroup section */
		C928CC361AD99495004E44B3 /* Main.storyboard */ = {
			isa = PBXVariantGroup;
			children = (
				C928CC371AD99495004E44B3 /* Base */,
			);
			name = Main.storyboard;
			sourceTree = "<group>";
		};
		C928CC3B1AD99495004E44B3 /* LaunchScreen.xib */ = {
			isa = PBXVariantGroup;
			children = (
				C928CC3C1AD99495004E44B3 /* Base */,
			);
			name = LaunchScreen.xib;
			sourceTree = "<group>";
		};
/* End PBXVariantGroup section */

/* Begin XCBuildConfiguration section */
		C928CC4A1AD99495004E44B3 /* Debug */ = {
			isa = XCBuildConfiguration;
			buildSettings = {
				ALWAYS_SEARCH_USER_PATHS = NO;
				CLANG_CXX_LANGUAGE_STANDARD = "gnu++0x";
				CLANG_CXX_LIBRARY = "libc++";
				CLANG_ENABLE_MODULES = YES;
				CLANG_ENABLE_OBJC_ARC = YES;
				CLANG_WARN_BOOL_CONVERSION = YES;
				CLANG_WARN_CONSTANT_CONVERSION = YES;
				CLANG_WARN_DIRECT_OBJC_ISA_USAGE = YES_ERROR;
				CLANG_WARN_EMPTY_BODY = YES;
				CLANG_WARN_ENUM_CONVERSION = YES;
				CLANG_WARN_INT_CONVERSION = YES;
				CLANG_WARN_OBJC_ROOT_CLASS = YES_ERROR;
				CLANG_WARN_UNREACHABLE_CODE = YES;
				CLANG_WARN__DUPLICATE_METHOD_MATCH = YES;
				"CODE_SIGN_IDENTITY[sdk=iphoneos*]" = "iPhone Developer";
				COPY_PHASE_STRIP = NO;
				DEBUG_INFORMATION_FORMAT = "dwarf-with-dsym";
				ENABLE_STRICT_OBJC_MSGSEND = YES;
				GCC_C_LANGUAGE_STANDARD = gnu99;
				GCC_DYNAMIC_NO_PIC = NO;
				GCC_NO_COMMON_BLOCKS = YES;
				GCC_OPTIMIZATION_LEVEL = 0;
				GCC_PREPROCESSOR_DEFINITIONS = (
					"DEBUG=1",
					"$(inherited)",
				);
				GCC_SYMBOLS_PRIVATE_EXTERN = NO;
				GCC_WARN_64_TO_32_BIT_CONVERSION = YES;
				GCC_WARN_ABOUT_RETURN_TYPE = YES_ERROR;
				GCC_WARN_UNDECLARED_SELECTOR = YES;
				GCC_WARN_UNINITIALIZED_AUTOS = YES_AGGRESSIVE;
				GCC_WARN_UNUSED_FUNCTION = YES;
				GCC_WARN_UNUSED_VARIABLE = YES;
				IPHONEOS_DEPLOYMENT_TARGET = 8.3;
				MTL_ENABLE_DEBUG_INFO = YES;
				ONLY_ACTIVE_ARCH = YES;
				SDKROOT = iphoneos;
				SWIFT_OPTIMIZATION_LEVEL = "-Onone";
				TARGETED_DEVICE_FAMILY = "1,2";
			};
			name = Debug;
		};
		C928CC4B1AD99495004E44B3 /* Release */ = {
			isa = XCBuildConfiguration;
			buildSettings = {
				ALWAYS_SEARCH_USER_PATHS = NO;
				CLANG_CXX_LANGUAGE_STANDARD = "gnu++0x";
				CLANG_CXX_LIBRARY = "libc++";
				CLANG_ENABLE_MODULES = YES;
				CLANG_ENABLE_OBJC_ARC = YES;
				CLANG_WARN_BOOL_CONVERSION = YES;
				CLANG_WARN_CONSTANT_CONVERSION = YES;
				CLANG_WARN_DIRECT_OBJC_ISA_USAGE = YES_ERROR;
				CLANG_WARN_EMPTY_BODY = YES;
				CLANG_WARN_ENUM_CONVERSION = YES;
				CLANG_WARN_INT_CONVERSION = YES;
				CLANG_WARN_OBJC_ROOT_CLASS = YES_ERROR;
				CLANG_WARN_UNREACHABLE_CODE = YES;
				CLANG_WARN__DUPLICATE_METHOD_MATCH = YES;
				"CODE_SIGN_IDENTITY[sdk=iphoneos*]" = "iPhone Developer";
				COPY_PHASE_STRIP = NO;
				DEBUG_INFORMATION_FORMAT = "dwarf-with-dsym";
				ENABLE_NS_ASSERTIONS = NO;
				ENABLE_STRICT_OBJC_MSGSEND = YES;
				GCC_C_LANGUAGE_STANDARD = gnu99;
				GCC_NO_COMMON_BLOCKS = YES;
				GCC_WARN_64_TO_32_BIT_CONVERSION = YES;
				GCC_WARN_ABOUT_RETURN_TYPE = YES_ERROR;
				GCC_WARN_UNDECLARED_SELECTOR = YES;
				GCC_WARN_UNINITIALIZED_AUTOS = YES_AGGRESSIVE;
				GCC_WARN_UNUSED_FUNCTION = YES;
				GCC_WARN_UNUSED_VARIABLE = YES;
				IPHONEOS_DEPLOYMENT_TARGET = 8.3;
				MTL_ENABLE_DEBUG_INFO = NO;
				SDKROOT = iphoneos;
				TARGETED_DEVICE_FAMILY = "1,2";
				VALIDATE_PRODUCT = YES;
			};
			name = Release;
		};
		C928CC4D1AD99495004E44B3 /* Debug */ = {
			isa = XCBuildConfiguration;
			buildSettings = {
				ASSETCATALOG_COMPILER_APPICON_NAME = AppIcon;
				INFOPLIST_FILE = PunctualExample/Info.plist;
				LD_RUNPATH_SEARCH_PATHS = "$(inherited) @executable_path/Frameworks";
				PRODUCT_NAME = "$(TARGET_NAME)";
			};
			name = Debug;
		};
		C928CC4E1AD99495004E44B3 /* Release */ = {
			isa = XCBuildConfiguration;
			buildSettings = {
				ASSETCATALOG_COMPILER_APPICON_NAME = AppIcon;
				INFOPLIST_FILE = PunctualExample/Info.plist;
				LD_RUNPATH_SEARCH_PATHS = "$(inherited) @executable_path/Frameworks";
				PRODUCT_NAME = "$(TARGET_NAME)";
			};
			name = Release;
		};
		C928CC501AD99495004E44B3 /* Debug */ = {
			isa = XCBuildConfiguration;
			buildSettings = {
				BUNDLE_LOADER = "$(TEST_HOST)";
				FRAMEWORK_SEARCH_PATHS = (
					"$(SDKROOT)/Developer/Library/Frameworks",
					"$(inherited)",
				);
				GCC_PREPROCESSOR_DEFINITIONS = (
					"DEBUG=1",
					"$(inherited)",
				);
				INFOPLIST_FILE = PunctualExampleTests/Info.plist;
				LD_RUNPATH_SEARCH_PATHS = "$(inherited) @executable_path/Frameworks @loader_path/Frameworks";
				PRODUCT_NAME = "$(TARGET_NAME)";
				TEST_HOST = "$(BUILT_PRODUCTS_DIR)/PunctualExample.app/PunctualExample";
			};
			name = Debug;
		};
		C928CC511AD99495004E44B3 /* Release */ = {
			isa = XCBuildConfiguration;
			buildSettings = {
				BUNDLE_LOADER = "$(TEST_HOST)";
				FRAMEWORK_SEARCH_PATHS = (
					"$(SDKROOT)/Developer/Library/Frameworks",
					"$(inherited)",
				);
				INFOPLIST_FILE = PunctualExampleTests/Info.plist;
				LD_RUNPATH_SEARCH_PATHS = "$(inherited) @executable_path/Frameworks @loader_path/Frameworks";
				PRODUCT_NAME = "$(TARGET_NAME)";
				TEST_HOST = "$(BUILT_PRODUCTS_DIR)/PunctualExample.app/PunctualExample";
			};
			name = Release;
		};
/* End XCBuildConfiguration section */

/* Begin XCConfigurationList section */
		C928CC261AD99495004E44B3 /* Build configuration list for PBXProject "PunctualExample" */ = {
			isa = XCConfigurationList;
			buildConfigurations = (
				C928CC4A1AD99495004E44B3 /* Debug */,
				C928CC4B1AD99495004E44B3 /* Release */,
			);
			defaultConfigurationIsVisible = 0;
			defaultConfigurationName = Release;
		};
		C928CC4C1AD99495004E44B3 /* Build configuration list for PBXNativeTarget "PunctualExample" */ = {
			isa = XCConfigurationList;
			buildConfigurations = (
				C928CC4D1AD99495004E44B3 /* Debug */,
				C928CC4E1AD99495004E44B3 /* Release */,
			);
			defaultConfigurationIsVisible = 0;
			defaultConfigurationName = Release;
		};
		C928CC4F1AD99495004E44B3 /* Build configuration list for PBXNativeTarget "PunctualExampleTests" */ = {
			isa = XCConfigurationList;
			buildConfigurations = (
				C928CC501AD99495004E44B3 /* Debug */,
				C928CC511AD99495004E44B3 /* Release */,
			);
			defaultConfigurationIsVisible = 0;
			defaultConfigurationName = Release;
		};
/* End XCConfigurationList section */
	};
	rootObject = C928CC231AD99495004E44B3 /* Project object */;
}
